
Microsoft Visual Studio Solution File, Format Version 12.00
# Visual Studio 15
VisualStudioVersion = 15.0.27703.2026
MinimumVisualStudioVersion = 10.0.40219.1
Project("{FAE04EC0-301F-11D3-BF4B-00C04F79EFBC}") = "MyAnnonser", "MyAnnonser\MyAnnonser.csproj", "{B4E4D45E-39D3-4847-A3E7-DB53DAFD5983}"
EndProject
Project("{00D1A9C2-B5F0-4AF3-8072-F6C62B433612}") = "Annonser", "Annonser\Annonser.sqlproj", "{1820D292-AF18-474C-9D5F-01F3D00FB067}"
EndProject
Global
	GlobalSection(SolutionConfigurationPlatforms) = preSolution
		Debug|Any CPU = Debug|Any CPU
		Release|Any CPU = Release|Any CPU
	EndGlobalSection
	GlobalSection(ProjectConfigurationPlatforms) = postSolution
		{B4E4D45E-39D3-4847-A3E7-DB53DAFD5983}.Debug|Any CPU.ActiveCfg = Debug|Any CPU
		{B4E4D45E-39D3-4847-A3E7-DB53DAFD5983}.Debug|Any CPU.Build.0 = Debug|Any CPU
		{B4E4D45E-39D3-4847-A3E7-DB53DAFD5983}.Release|Any CPU.ActiveCfg = Release|Any CPU
		{B4E4D45E-39D3-4847-A3E7-DB53DAFD5983}.Release|Any CPU.Build.0 = Release|Any CPU
		{1820D292-AF18-474C-9D5F-01F3D00FB067}.Debug|Any CPU.ActiveCfg = Debug|Any CPU
		{1820D292-AF18-474C-9D5F-01F3D00FB067}.Debug|Any CPU.Build.0 = Debug|Any CPU
		{1820D292-AF18-474C-9D5F-01F3D00FB067}.Debug|Any CPU.Deploy.0 = Debug|Any CPU
		{1820D292-AF18-474C-9D5F-01F3D00FB067}.Release|Any CPU.ActiveCfg = Release|Any CPU
		{1820D292-AF18-474C-9D5F-01F3D00FB067}.Release|Any CPU.Build.0 = Release|Any CPU
		{1820D292-AF18-474C-9D5F-01F3D00FB067}.Release|Any CPU.Deploy.0 = Release|Any CPU
	EndGlobalSection
	GlobalSection(SolutionProperties) = preSolution
		HideSolutionNode = FALSE
	EndGlobalSection
	GlobalSection(ExtensibilityGlobals) = postSolution
		SolutionGuid = {8E2D7D76-8297-4A18-B5E9-A5C56A4CEF01}
	EndGlobalSection
EndGlobal
